# THIS IS AN AUTOGENERATED FILE. DO NOT EDIT THIS FILE DIRECTLY.
# yarn lockfile v1


"@types/bson@*":
  version "1.0.3"
  resolved "http://r.cnpmjs.org/@types/bson/download/@types/bson-1.0.3.tgz#6c26f0876bf9d8cbb06edd4019e29354bf3a03e0"
  dependencies:
    "@types/node" "*"

"@types/bunyan@*":
  version "1.8.0"
  resolved "http://r.cnpmjs.org/@types/bunyan/download/@types/bunyan-1.8.0.tgz#913bf718a2f4dd1efa063e808cab76609289c986"
  dependencies:
    "@types/node" "*"

"@types/mongodb@*":
  version "2.2.9"
  resolved "http://r.cnpmjs.org/@types/mongodb/download/@types/mongodb-2.2.9.tgz#0dc823148103b7c943b16209f1899e33acd5faf6"
  dependencies:
    "@types/bson" "*"
    "@types/node" "*"

"@types/mongoose@^4.7.19":
  version "4.7.19"
  resolved "http://r.cnpmjs.org/@types/mongoose/download/@types/mongoose-4.7.19.tgz#140bb59454f8c70dd96cfb390ce70ddd648b514d"
  dependencies:
    "@types/mongodb" "*"
    "@types/node" "*"

"@types/node-fetch@^1.6.7":
  version "1.6.7"
  resolved "http://r.cnpmjs.org/@types/node-fetch/download/@types/node-fetch-1.6.7.tgz#521078e8f0c69a158e5022005aca92d2620f6d57"
  dependencies:
    "@types/node" "*"

"@types/node@*":
  version "8.0.19"
  resolved "http://r.cnpmjs.org/@types/node/download/@types/node-8.0.19.tgz#e46e2b0243de7d03f15b26b45c59ebb84f657a4e"

"@types/restify-cors-middleware@^1.0.0":
  version "1.0.0"
  resolved "http://r.cnpmjs.org/@types/restify-cors-middleware/download/@types/restify-cors-middleware-1.0.0.tgz#9c28e8b0480c2a78ba45be53b8dc9f05f969cf6e"
  dependencies:
    "@types/node" "*"
    "@types/restify" "*"

"@types/restify@*", "@types/restify@^5.0.1":
  version "5.0.1"
  resolved "http://r.cnpmjs.org/@types/restify/download/@types/restify-5.0.1.tgz#3ce7ed9f4613abafdc62e592f88565832ec60860"
  dependencies:
    "@types/bunyan" "*"
    "@types/node" "*"

asn1@~0.2.3:
  version "0.2.3"
  resolved "http://r.cnpmjs.org/asn1/download/asn1-0.2.3.tgz#dac8787713c9966849fc8180777ebe9c1ddf3b86"

assert-plus@1.0.0, assert-plus@^1.0.0:
  version "1.0.0"
  resolved "http://r.cnpmjs.org/assert-plus/download/assert-plus-1.0.0.tgz#f12e0f3c5d77b0b1cdd9146942e4e96c1e4dd525"

assert-plus@^0.2.0:
  version "0.2.0"
  resolved "http://r.cnpmjs.org/assert-plus/download/assert-plus-0.2.0.tgz#d74e1b87e7affc0db8aadb7021f3fe48101ab234"

async@2.1.4:
  version "2.1.4"
  resolved "http://r.cnpmjs.org/async/download/async-2.1.4.tgz#2d2160c7788032e4dd6cbe2502f1f9a2c8f6cde4"
  dependencies:
    lodash "^4.14.0"

balanced-match@^1.0.0:
  version "1.0.0"
  resolved "http://r.cnpmjs.org/balanced-match/download/balanced-match-1.0.0.tgz#89b4d199ab2bee49de164ea02b89ce462d71b767"

bcrypt-pbkdf@^1.0.0:
  version "1.0.1"
  resolved "http://r.cnpmjs.org/bcrypt-pbkdf/download/bcrypt-pbkdf-1.0.1.tgz#63bc5dcb61331b92bc05fd528953c33462a06f8d"
  dependencies:
    tweetnacl "^0.14.3"

bluebird@2.10.2:
  version "2.10.2"
  resolved "http://r.cnpmjs.org/bluebird/download/bluebird-2.10.2.tgz#024a5517295308857f14f91f1106fc3b555f446b"

brace-expansion@^1.1.7:
  version "1.1.8"
  resolved "http://r.cnpmjs.org/brace-expansion/download/brace-expansion-1.1.8.tgz#c07b211c7c952ec1f8efd51a77ef0d1d3990a292"
  dependencies:
    balanced-match "^1.0.0"
    concat-map "0.0.1"

bson@~1.0.4:
  version "1.0.4"
  resolved "http://r.cnpmjs.org/bson/download/bson-1.0.4.tgz#93c10d39eaa5b58415cbc4052f3e53e562b0b72c"

buffer-shims@~1.0.0:
  version "1.0.0"
  resolved "http://r.cnpmjs.org/buffer-shims/download/buffer-shims-1.0.0.tgz#9978ce317388c649ad8793028c3477ef044a8b51"

bunyan@^1.8.1:
  version "1.8.12"
  resolved "http://r.cnpmjs.org/bunyan/download/bunyan-1.8.12.tgz#f150f0f6748abdd72aeae84f04403be2ef113797"
  optionalDependencies:
    dtrace-provider "~0.8"
    moment "^2.10.6"
    mv "~2"
    safe-json-stringify "~1"

clone-regexp@^1.0.0:
  version "1.0.0"
  resolved "http://r.cnpmjs.org/clone-regexp/download/clone-regexp-1.0.0.tgz#eae0a2413f55c0942f818c229fefce845d7f3b1c"
  dependencies:
    is-regexp "^1.0.0"
    is-supported-regexp-flag "^1.0.0"

concat-map@0.0.1:
  version "0.0.1"
  resolved "http://r.cnpmjs.org/concat-map/download/concat-map-0.0.1.tgz#d8a96bd77fd68df7793a73036a3ba0d5405d477b"

core-util-is@1.0.2, core-util-is@~1.0.0:
  version "1.0.2"
  resolved "http://r.cnpmjs.org/core-util-is/download/core-util-is-1.0.2.tgz#b5fd54220aa2bc5ab57aab7140c940754503c1a7"

csv-generate@^1.0.0:
  version "1.0.0"
  resolved "http://r.cnpmjs.org/csv-generate/download/csv-generate-1.0.0.tgz#bd52886859d0c925f3e51f60f3abed262fa15caf"

csv-parse@^1.2.0:
  version "1.2.1"
  resolved "http://r.cnpmjs.org/csv-parse/download/csv-parse-1.2.1.tgz#9199c23f2490d98c4d9ab2a0167b06927498c9df"

csv-stringify@^1.0.0:
  version "1.0.4"
  resolved "http://r.cnpmjs.org/csv-stringify/download/csv-stringify-1.0.4.tgz#bc18bab9ad4cef3195fd257980b58b479c42d3e5"
  dependencies:
    lodash.get "^4.0.0"

csv@^1.1.0:
  version "1.1.1"
  resolved "http://r.cnpmjs.org/csv/download/csv-1.1.1.tgz#d9952d59b1f964a7afbcdd804d6818a73199a477"
  dependencies:
    csv-generate "^1.0.0"
    csv-parse "^1.2.0"
    csv-stringify "^1.0.0"
    stream-transform "^0.1.0"

dashdash@^1.12.0:
  version "1.14.1"
  resolved "http://r.cnpmjs.org/dashdash/download/dashdash-1.14.1.tgz#853cfa0f7cbe2fed5de20326b8dd581035f6e2f0"
  dependencies:
    assert-plus "^1.0.0"

debug@2.6.8, debug@^2.6.8:
  version "2.6.8"
  resolved "http://r.cnpmjs.org/debug/download/debug-2.6.8.tgz#e731531ca2ede27d188222427da17821d68ff4fc"
  dependencies:
    ms "2.0.0"

detect-node@^2.0.3:
  version "2.0.3"
  resolved "http://r.cnpmjs.org/detect-node/download/detect-node-2.0.3.tgz#a2033c09cc8e158d37748fbde7507832bd6ce127"

dtrace-provider@^0.8.1, dtrace-provider@~0.8:
  version "0.8.3"
  resolved "http://r.cnpmjs.org/dtrace-provider/download/dtrace-provider-0.8.3.tgz#ba1bfc6493285ccfcfc6ab69cd5c61d74c2a43bf"
  dependencies:
    nan "^2.3.3"

ecc-jsbn@~0.1.1:
  version "0.1.1"
  resolved "http://r.cnpmjs.org/ecc-jsbn/download/ecc-jsbn-0.1.1.tgz#0fc73a9ed5f0d53c38193398523ef7e543777505"
  dependencies:
    jsbn "~0.1.0"

encoding@^0.1.11:
  version "0.1.12"
  resolved "http://r.cnpmjs.org/encoding/download/encoding-0.1.12.tgz#538b66f3ee62cd1ab51ec323829d1f9480c74beb"
  dependencies:
    iconv-lite "~0.4.13"

es6-promise@3.2.1:
  version "3.2.1"
  resolved "http://r.cnpmjs.org/es6-promise/download/es6-promise-3.2.1.tgz#ec56233868032909207170c39448e24449dd1fc4"

escape-regexp-component@^1.0.2:
  version "1.0.2"
  resolved "http://r.cnpmjs.org/escape-regexp-component/download/escape-regexp-component-1.0.2.tgz#9c63b6d0b25ff2a88c3adbd18c5b61acc3b9faa2"

extsprintf@1.2.0:
  version "1.2.0"
  resolved "http://r.cnpmjs.org/extsprintf/download/extsprintf-1.2.0.tgz#5ad946c22f5b32ba7f8cd7426711c6e8a3fc2529"

extsprintf@1.3.0, extsprintf@^1.2.0:
  version "1.3.0"
  resolved "http://r.cnpmjs.org/extsprintf/download/extsprintf-1.3.0.tgz#96918440e3041a7a414f8c52e3c574eb3c3e1e05"

formidable@^1.0.17:
  version "1.1.1"
  resolved "http://r.cnpmjs.org/formidable/download/formidable-1.1.1.tgz#96b8886f7c3c3508b932d6bd70c4d3a88f35f1a9"

getpass@^0.1.1:
  version "0.1.7"
  resolved "http://r.cnpmjs.org/getpass/download/getpass-0.1.7.tgz#5eff8e3e684d569ae4cb2b1282604e8ba62149fa"
  dependencies:
    assert-plus "^1.0.0"

glob@^6.0.1:
  version "6.0.4"
  resolved "http://r.cnpmjs.org/glob/download/glob-6.0.4.tgz#0f08860f6a155127b2fadd4f9ce24b1aab6e4d22"
  dependencies:
    inflight "^1.0.4"
    inherits "2"
    minimatch "2 || 3"
    once "^1.3.0"
    path-is-absolute "^1.0.0"

handle-thing@^1.2.5:
  version "1.2.5"
  resolved "http://r.cnpmjs.org/handle-thing/download/handle-thing-1.2.5.tgz#fd7aad726bf1a5fd16dfc29b2f7a6601d27139c4"

hooks-fixed@2.0.0:
  version "2.0.0"
  resolved "http://r.cnpmjs.org/hooks-fixed/download/hooks-fixed-2.0.0.tgz#a01d894d52ac7f6599bbb1f63dfc9c411df70cba"

hpack.js@^2.1.6:
  version "2.1.6"
  resolved "http://r.cnpmjs.org/hpack.js/download/hpack.js-2.1.6.tgz#87774c0949e513f42e84575b3c45681fade2a0b2"
  dependencies:
    inherits "^2.0.1"
    obuf "^1.0.0"
    readable-stream "^2.0.1"
    wbuf "^1.1.0"

http-deceiver@^1.2.7:
  version "1.2.7"
  resolved "http://r.cnpmjs.org/http-deceiver/download/http-deceiver-1.2.7.tgz#fa7168944ab9a519d337cb0bec7284dc3e723d87"

http-signature@^1.0.0:
  version "1.1.1"
  resolved "http://r.cnpmjs.org/http-signature/download/http-signature-1.1.1.tgz#df72e267066cd0ac67fb76adf8e134a8fbcf91bf"
  dependencies:
    assert-plus "^0.2.0"
    jsprim "^1.2.2"
    sshpk "^1.7.0"

iconv-lite@~0.4.13:
  version "0.4.18"
  resolved "http://r.cnpmjs.org/iconv-lite/download/iconv-lite-0.4.18.tgz#23d8656b16aae6742ac29732ea8f0336a4789cf2"

inflight@^1.0.4:
  version "1.0.6"
  resolved "http://r.cnpmjs.org/inflight/download/inflight-1.0.6.tgz#49bd6331d7d02d0c09bc910a1075ba8165b56df9"
  dependencies:
    once "^1.3.0"
    wrappy "1"

inherits@2, inherits@^2.0.1, inherits@~2.0.1, inherits@~2.0.3:
  version "2.0.3"
  resolved "http://r.cnpmjs.org/inherits/download/inherits-2.0.3.tgz#633c2c83e3da42a502f52466022480f4208261de"

is-regexp@^1.0.0:
  version "1.0.0"
  resolved "http://r.cnpmjs.org/is-regexp/download/is-regexp-1.0.0.tgz#fd2d883545c46bac5a633e7b9a09e87fa2cb5069"

is-stream@^1.0.1:
  version "1.1.0"
  resolved "http://r.cnpmjs.org/is-stream/download/is-stream-1.1.0.tgz#12d4a3dd4e68e0b79ceb8dbc84173ae80d91ca44"

is-supported-regexp-flag@^1.0.0:
  version "1.0.0"
  resolved "http://r.cnpmjs.org/is-supported-regexp-flag/download/is-supported-regexp-flag-1.0.0.tgz#8b520c85fae7a253382d4b02652e045576e13bb8"

isarray@~1.0.0:
  version "1.0.0"
  resolved "http://r.cnpmjs.org/isarray/download/isarray-1.0.0.tgz#bb935d48582cba168c06834957a54a3e07124f11"

jsbn@~0.1.0:
  version "0.1.1"
  resolved "http://r.cnpmjs.org/jsbn/download/jsbn-0.1.1.tgz#a5e654c2e5a2deb5f201d96cefbca80c0ef2f513"

json-schema@0.2.3:
  version "0.2.3"
  resolved "http://r.cnpmjs.org/json-schema/download/json-schema-0.2.3.tgz#b480c892e59a2f05954ce727bd3f2a4e882f9e13"

jsprim@^1.2.2:
  version "1.4.1"
  resolved "http://r.cnpmjs.org/jsprim/download/jsprim-1.4.1.tgz#313e66bc1e5cc06e438bc1b7499c2e5c56acb6a2"
  dependencies:
    assert-plus "1.0.0"
    extsprintf "1.3.0"
    json-schema "0.2.3"
    verror "1.10.0"

kareem@1.5.0:
  version "1.5.0"
  resolved "http://r.cnpmjs.org/kareem/download/kareem-1.5.0.tgz#e3e4101d9dcfde299769daf4b4db64d895d17448"

lodash.get@^4.0.0:
  version "4.4.2"
  resolved "http://r.cnpmjs.org/lodash.get/download/lodash.get-4.4.2.tgz#2d177f652fa31e939b4438d5341499dfa3825e99"

lodash@^4.14.0, lodash@^4.17.4, lodash@^4.2.1:
  version "4.17.4"
  resolved "http://r.cnpmjs.org/lodash/download/lodash-4.17.4.tgz#78203a4d1c328ae1d86dca6460e369b57f4055ae"

lru-cache@^4.0.1:
  version "4.1.1"
  resolved "http://r.cnpmjs.org/lru-cache/download/lru-cache-4.1.1.tgz#622e32e82488b49279114a4f9ecf45e7cd6bba55"
  dependencies:
    pseudomap "^1.0.2"
    yallist "^2.1.2"

mime@^1.2.11:
  version "1.3.6"
  resolved "http://r.cnpmjs.org/mime/download/mime-1.3.6.tgz#591d84d3653a6b0b4a3b9df8de5aa8108e72e5e0"

minimalistic-assert@^1.0.0:
  version "1.0.0"
  resolved "http://r.cnpmjs.org/minimalistic-assert/download/minimalistic-assert-1.0.0.tgz#702be2dda6b37f4836bcb3f5db56641b64a1d3d3"

"minimatch@2 || 3":
  version "3.0.4"
  resolved "http://r.cnpmjs.org/minimatch/download/minimatch-3.0.4.tgz#5166e286457f03306064be5497e8dbb0c3d32083"
  dependencies:
    brace-expansion "^1.1.7"

minimist@0.0.8:
  version "0.0.8"
  resolved "http://r.cnpmjs.org/minimist/download/minimist-0.0.8.tgz#857fcabfc3397d2625b8228262e86aa7a011b05d"

mkdirp@~0.5.1:
  version "0.5.1"
  resolved "http://r.cnpmjs.org/mkdirp/download/mkdirp-0.5.1.tgz#30057438eac6cf7f8c4767f38648d6697d75c903"
  dependencies:
    minimist "0.0.8"

moment@^2.10.6:
  version "2.18.1"
  resolved "http://r.cnpmjs.org/moment/download/moment-2.18.1.tgz#c36193dd3ce1c2eed2adb7c802dbbc77a81b1c0f"

mongodb-core@2.1.11:
  version "2.1.11"
  resolved "http://r.cnpmjs.org/mongodb-core/download/mongodb-core-2.1.11.tgz#1c38776ceb174997a99c28860eed9028da9b3e1a"
  dependencies:
    bson "~1.0.4"
    require_optional "~1.0.0"

mongodb@2.2.27:
  version "2.2.27"
  resolved "http://r.cnpmjs.org/mongodb/download/mongodb-2.2.27.tgz#34122034db66d983bcf6ab5adb26a24a70fef6e6"
  dependencies:
    es6-promise "3.2.1"
    mongodb-core "2.1.11"
    readable-stream "2.2.7"

mongoose@^4.11.4:
  version "4.11.5"
  resolved "http://r.cnpmjs.org/mongoose/download/mongoose-4.11.5.tgz#59e4a1d84dcd36cc51f3e639b771cb8359f539aa"
  dependencies:
    async "2.1.4"
    bson "~1.0.4"
    hooks-fixed "2.0.0"
    kareem "1.5.0"
    mongodb "2.2.27"
    mpath "0.3.0"
    mpromise "0.5.5"
    mquery "2.3.1"
    ms "2.0.0"
    muri "1.2.2"
    regexp-clone "0.0.1"
    sliced "1.0.1"

mpath@0.3.0:
  version "0.3.0"
  resolved "http://r.cnpmjs.org/mpath/download/mpath-0.3.0.tgz#7a58f789e9b5fd3c94520634157960f26bd5ef44"

mpromise@0.5.5:
  version "0.5.5"
  resolved "http://r.cnpmjs.org/mpromise/download/mpromise-0.5.5.tgz#f5b24259d763acc2257b0a0c8c6d866fd51732e6"

mquery@2.3.1:
  version "2.3.1"
  resolved "http://r.cnpmjs.org/mquery/download/mquery-2.3.1.tgz#9ab36749714800ff0bb53a681ce4bc4d5f07c87b"
  dependencies:
    bluebird "2.10.2"
    debug "2.6.8"
    regexp-clone "0.0.1"
    sliced "0.0.5"

ms@2.0.0:
  version "2.0.0"
  resolved "http://r.cnpmjs.org/ms/download/ms-2.0.0.tgz#5608aeadfc00be6c2901df5f9861788de0d597c8"

muri@1.2.2:
  version "1.2.2"
  resolved "http://r.cnpmjs.org/muri/download/muri-1.2.2.tgz#63198132650db08a04cc79ccd00dd389afd2631c"

mv@~2:
  version "2.1.1"
  resolved "http://r.cnpmjs.org/mv/download/mv-2.1.1.tgz#ae6ce0d6f6d5e0a4f7d893798d03c1ea9559b6a2"
  dependencies:
    mkdirp "~0.5.1"
    ncp "~2.0.0"
    rimraf "~2.4.0"

nan@^2.3.3:
  version "2.6.2"
  resolved "http://r.cnpmjs.org/nan/download/nan-2.6.2.tgz#e4ff34e6c95fdfb5aecc08de6596f43605a7db45"

ncp@~2.0.0:
  version "2.0.0"
  resolved "http://r.cnpmjs.org/ncp/download/ncp-2.0.0.tgz#195a21d6c46e361d2fb1281ba38b91e9df7bdbb3"

negotiator@^0.6.1:
  version "0.6.1"
  resolved "http://r.cnpmjs.org/negotiator/download/negotiator-0.6.1.tgz#2b327184e8992101177b28563fb5e7102acd0ca9"

node-fetch@^1.7.1:
  version "1.7.1"
  resolved "http://r.cnpmjs.org/node-fetch/download/node-fetch-1.7.1.tgz#899cb3d0a3c92f952c47f1b876f4c8aeabd400d5"
  dependencies:
    encoding "^0.1.11"
    is-stream "^1.0.1"

obuf@^1.0.0, obuf@^1.1.1:
  version "1.1.1"
  resolved "http://r.cnpmjs.org/obuf/download/obuf-1.1.1.tgz#104124b6c602c6796881a042541d36db43a5264e"

once@^1.3.0:
  version "1.4.0"
  resolved "http://r.cnpmjs.org/once/download/once-1.4.0.tgz#583b1aa775961d4b113ac17d9c50baef9dd76bd1"
  dependencies:
    wrappy "1"

path-is-absolute@^1.0.0:
  version "1.0.1"
  resolved "http://r.cnpmjs.org/path-is-absolute/download/path-is-absolute-1.0.1.tgz#174b9268735534ffbc7ace6bf53a5a9e1b5c5f5f"

process-nextick-args@~1.0.6:
  version "1.0.7"
  resolved "http://r.cnpmjs.org/process-nextick-args/download/process-nextick-args-1.0.7.tgz#150e20b756590ad3f91093f25a4f2ad8bff30ba3"

pseudomap@^1.0.2:
  version "1.0.2"
  resolved "http://r.cnpmjs.org/pseudomap/download/pseudomap-1.0.2.tgz#f052a28da70e618917ef0a8ac34c1ae5a68286b3"

qs@^6.2.1:
  version "6.5.0"
  resolved "http://r.cnpmjs.org/qs/download/qs-6.5.0.tgz#8d04954d364def3efc55b5a0793e1e2c8b1e6e49"

readable-stream@2.2.7:
  version "2.2.7"
  resolved "http://r.cnpmjs.org/readable-stream/download/readable-stream-2.2.7.tgz#07057acbe2467b22042d36f98c5ad507054e95b1"
  dependencies:
    buffer-shims "~1.0.0"
    core-util-is "~1.0.0"
    inherits "~2.0.1"
    isarray "~1.0.0"
    process-nextick-args "~1.0.6"
    string_decoder "~1.0.0"
    util-deprecate "~1.0.1"

readable-stream@^2.0.1, readable-stream@^2.2.9:
  version "2.3.3"
  resolved "http://r.cnpmjs.org/readable-stream/download/readable-stream-2.3.3.tgz#368f2512d79f9d46fdfc71349ae7878bbc1eb95c"
  dependencies:
    core-util-is "~1.0.0"
    inherits "~2.0.3"
    isarray "~1.0.0"
    process-nextick-args "~1.0.6"
    safe-buffer "~5.1.1"
    string_decoder "~1.0.3"
    util-deprecate "~1.0.1"

regexp-clone@0.0.1:
  version "0.0.1"
  resolved "http://r.cnpmjs.org/regexp-clone/download/regexp-clone-0.0.1.tgz#a7c2e09891fdbf38fbb10d376fb73003e68ac589"

require_optional@~1.0.0:
  version "1.0.1"
  resolved "http://r.cnpmjs.org/require_optional/download/require_optional-1.0.1.tgz#4cf35a4247f64ca3df8c2ef208cc494b1ca8fc2e"
  dependencies:
    resolve-from "^2.0.0"
    semver "^5.1.0"

resolve-from@^2.0.0:
  version "2.0.0"
  resolved "http://r.cnpmjs.org/resolve-from/download/resolve-from-2.0.0.tgz#9480ab20e94ffa1d9e80a804c7ea147611966b57"

restify-cors-middleware@^1.0.0:
  version "1.0.1"
  resolved "http://r.cnpmjs.org/restify-cors-middleware/download/restify-cors-middleware-1.0.1.tgz#6388d0d52d286e22650133d151a89d48b22fa0ab"
  dependencies:
    assert-plus "^1.0.0"

restify-errors@^4.2.3:
  version "4.3.0"
  resolved "http://r.cnpmjs.org/restify-errors/download/restify-errors-4.3.0.tgz#ec90f30934d7f3119135181dfc303e30be601abe"
  dependencies:
    assert-plus "^1.0.0"
    lodash "^4.2.1"
    verror "^1.8.1"
  optionalDependencies:
    safe-json-stringify "^1.0.3"

restify@^5.0.1:
  version "5.0.1"
  resolved "http://r.cnpmjs.org/restify/download/restify-5.0.1.tgz#267cf68360e474c727d1c8efb4d9d37ae1cbd724"
  dependencies:
    assert-plus "^1.0.0"
    bunyan "^1.8.1"
    clone-regexp "^1.0.0"
    csv "^1.1.0"
    escape-regexp-component "^1.0.2"
    formidable "^1.0.17"
    http-signature "^1.0.0"
    lodash "^4.17.4"
    lru-cache "^4.0.1"
    mime "^1.2.11"
    negotiator "^0.6.1"
    once "^1.3.0"
    qs "^6.2.1"
    restify-errors "^4.2.3"
    semver "^5.0.1"
    spdy "^3.3.3"
    uuid "^3.0.0"
    vasync "^1.6.4"
    verror "^1.9.0"
  optionalDependencies:
    dtrace-provider "^0.8.1"

rimraf@~2.4.0:
  version "2.4.5"
  resolved "http://r.cnpmjs.org/rimraf/download/rimraf-2.4.5.tgz#ee710ce5d93a8fdb856fb5ea8ff0e2d75934b2da"
  dependencies:
    glob "^6.0.1"

safe-buffer@^5.0.1, safe-buffer@~5.1.0, safe-buffer@~5.1.1:
  version "5.1.1"
  resolved "http://r.cnpmjs.org/safe-buffer/download/safe-buffer-5.1.1.tgz#893312af69b2123def71f57889001671eeb2c853"

safe-json-stringify@^1.0.3, safe-json-stringify@~1:
  version "1.0.4"
  resolved "http://r.cnpmjs.org/safe-json-stringify/download/safe-json-stringify-1.0.4.tgz#81a098f447e4bbc3ff3312a243521bc060ef5911"

select-hose@^2.0.0:
  version "2.0.0"
  resolved "http://r.cnpmjs.org/select-hose/download/select-hose-2.0.0.tgz#625d8658f865af43ec962bfc376a37359a4994ca"

semver@^5.0.1, semver@^5.1.0:
  version "5.4.1"
  resolved "http://r.cnpmjs.org/semver/download/semver-5.4.1.tgz#e059c09d8571f0540823733433505d3a2f00b18e"

sliced@0.0.5:
  version "0.0.5"
  resolved "http://r.cnpmjs.org/sliced/download/sliced-0.0.5.tgz#5edc044ca4eb6f7816d50ba2fc63e25d8fe4707f"

sliced@1.0.1:
  version "1.0.1"
  resolved "http://r.cnpmjs.org/sliced/download/sliced-1.0.1.tgz#0b3a662b5d04c3177b1926bea82b03f837a2ef41"

spdy-transport@^2.0.18:
  version "2.0.20"
  resolved "http://r.cnpmjs.org/spdy-transport/download/spdy-transport-2.0.20.tgz#735e72054c486b2354fe89e702256004a39ace4d"
  dependencies:
    debug "^2.6.8"
    detect-node "^2.0.3"
    hpack.js "^2.1.6"
    obuf "^1.1.1"
    readable-stream "^2.2.9"
    safe-buffer "^5.0.1"
    wbuf "^1.7.2"

spdy@^3.3.3:
  version "3.4.7"
  resolved "http://r.cnpmjs.org/spdy/download/spdy-3.4.7.tgz#42ff41ece5cc0f99a3a6c28aabb73f5c3b03acbc"
  dependencies:
    debug "^2.6.8"
    handle-thing "^1.2.5"
    http-deceiver "^1.2.7"
    safe-buffer "^5.0.1"
    select-hose "^2.0.0"
    spdy-transport "^2.0.18"

sshpk@^1.7.0:
  version "1.13.1"
  resolved "http://r.cnpmjs.org/sshpk/download/sshpk-1.13.1.tgz#512df6da6287144316dc4c18fe1cf1d940739be3"
  dependencies:
    asn1 "~0.2.3"
    assert-plus "^1.0.0"
    dashdash "^1.12.0"
    getpass "^0.1.1"
  optionalDependencies:
    bcrypt-pbkdf "^1.0.0"
    ecc-jsbn "~0.1.1"
    jsbn "~0.1.0"
    tweetnacl "~0.14.0"

stream-transform@^0.1.0:
  version "0.1.2"
  resolved "http://r.cnpmjs.org/stream-transform/download/stream-transform-0.1.2.tgz#7d8e6b4e03ac4781778f8c79517501bfb0762a9f"

string_decoder@~1.0.0, string_decoder@~1.0.3:
  version "1.0.3"
  resolved "http://r.cnpmjs.org/string_decoder/download/string_decoder-1.0.3.tgz#0fc67d7c141825de94282dd536bec6b9bce860ab"
  dependencies:
    safe-buffer "~5.1.0"

tweetnacl@^0.14.3, tweetnacl@~0.14.0:
  version "0.14.5"
  resolved "http://r.cnpmjs.org/tweetnacl/download/tweetnacl-0.14.5.tgz#5ae68177f192d4456269d108afa93ff8743f4f64"

typescript@^2.4.2:
  version "2.4.2"
  resolved "http://r.cnpmjs.org/typescript/download/typescript-2.4.2.tgz#f8395f85d459276067c988aa41837a8f82870844"

util-deprecate@~1.0.1:
  version "1.0.2"
  resolved "http://r.cnpmjs.org/util-deprecate/download/util-deprecate-1.0.2.tgz#450d4dc9fa70de732762fbd2d4a28981419a0ccf"

uuid@^3.0.0:
  version "3.1.0"
  resolved "http://r.cnpmjs.org/uuid/download/uuid-3.1.0.tgz#3dd3d3e790abc24d7b0d3a034ffababe28ebbc04"

vasync@^1.6.4:
  version "1.6.4"
  resolved "http://r.cnpmjs.org/vasync/download/vasync-1.6.4.tgz#dfe93616ad0e7ae801b332a9d88bfc5cdc8e1d1f"
  dependencies:
    verror "1.6.0"

verror@1.10.0, verror@^1.8.1, verror@^1.9.0:
  version "1.10.0"
  resolved "http://r.cnpmjs.org/verror/download/verror-1.10.0.tgz#3a105ca17053af55d6e270c1f8288682e18da400"
  dependencies:
    assert-plus "^1.0.0"
    core-util-is "1.0.2"
    extsprintf "^1.2.0"

verror@1.6.0:
  version "1.6.0"
  resolved "http://r.cnpmjs.org/verror/download/verror-1.6.0.tgz#7d13b27b1facc2e2da90405eb5ea6e5bdd252ea5"
  dependencies:
    extsprintf "1.2.0"

wbuf@^1.1.0, wbuf@^1.7.2:
  version "1.7.2"
  resolved "http://r.cnpmjs.org/wbuf/download/wbuf-1.7.2.tgz#d697b99f1f59512df2751be42769c1580b5801fe"
  dependencies:
    minimalistic-assert "^1.0.0"

wrappy@1:
  version "1.0.2"
  resolved "http://r.cnpmjs.org/wrappy/download/wrappy-1.0.2.tgz#b5243d8f3ec1aa35f1364605bc0d1036e30ab69f"

yallist@^2.1.2:
  version "2.1.2"
  resolved "http://r.cnpmjs.org/yallist/download/yallist-2.1.2.tgz#1c11f9218f076089a47dd512f93c6699a6a81d52"
